
Microsoft Visual Studio Solution File, Format Version 12.00
# Visual Studio Version 17
VisualStudioVersion = 17.6.33815.320
MinimumVisualStudioVersion = 10.0.40219.1
Project("{FAE04EC0-301F-11D3-BF4B-00C04F79EFBC}") = "LINQExamples_2", "LINQExamples_2\LINQExamples_2.csproj", "{58472E4D-9B06-4F80-9E3E-C35216D49657}"
EndProject
Global
	GlobalSection(SolutionConfigurationPlatforms) = preSolution
		Debug|Any CPU = Debug|Any CPU
		Release|Any CPU = Release|Any CPU
	EndGlobalSection
	GlobalSection(ProjectConfigurationPlatforms) = postSolution
		{58472E4D-9B06-4F80-9E3E-C35216D49657}.Debug|Any CPU.ActiveCfg = Debug|Any CPU
		{58472E4D-9B06-4F80-9E3E-C35216D49657}.Debug|Any CPU.Build.0 = Debug|Any CPU
		{58472E4D-9B06-4F80-9E3E-C35216D49657}.Release|Any CPU.ActiveCfg = Release|Any CPU
		{58472E4D-9B06-4F80-9E3E-C35216D49657}.Release|Any CPU.Build.0 = Release|Any CPU
	EndGlobalSection
	GlobalSection(SolutionProperties) = preSolution
		HideSolutionNode = FALSE
	EndGlobalSection
	GlobalSection(ExtensibilityGlobals) = postSolution
		SolutionGuid = {F7A64029-1191-4254-8447-14916E24286B}
	EndGlobalSection
EndGlobal
